Microsoft Visual Studio Solution File, Format Version 11.00
# Visual Studio 2008

Project("{13D2CFFE-4287-C60B-BDD7-5103F005651F}") = "StartOne", "Assembly-CSharp.csproj", "{8989ADAC-078C-426A-8DC8-BEB8EB80507A}"
EndProject
Global
	GlobalSection(SolutionConfigurationPlatforms) = preSolution
		Debug|Any CPU = Debug|Any CPU
		Release|Any CPU = Release|Any CPU
	EndGlobalSection
	GlobalSection(ProjectConfigurationPlatforms) = postSolution
		{8989ADAC-078C-426A-8DC8-BEB8EB80507A}.Debug|Any CPU.ActiveCfg = Debug|Any CPU
		{8989ADAC-078C-426A-8DC8-BEB8EB80507A}.Debug|Any CPU.Build.0 = Debug|Any CPU
		{8989ADAC-078C-426A-8DC8-BEB8EB80507A}.Release|Any CPU.ActiveCfg = Release|Any CPU
		{8989ADAC-078C-426A-8DC8-BEB8EB80507A}.Release|Any CPU.Build.0 = Release|Any CPU
	EndGlobalSection
	GlobalSection(SolutionProperties) = preSolution
		HideSolutionNode = FALSE
	EndGlobalSection
	GlobalSection(MonoDevelopProperties) = preSolution
		StartupItem = Assembly-CSharp.csproj
	EndGlobalSection
EndGlobal
